
Microsoft Visual Studio Solution File, Format Version 12.00
# Visual Studio Version 16
VisualStudioVersion = 16.0.30114.105
MinimumVisualStudioVersion = 10.0.40219.1
Project("{FAE04EC0-301F-11D3-BF4B-00C04F79EFBC}") = "health-calc-pack-dotnet", "health-calc-pack-dotnet\health-calc-pack-dotnet.csproj", "{94F27B9F-3559-42ED-9F25-2DCEBB45B4BC}"
EndProject
Project("{FAE04EC0-301F-11D3-BF4B-00C04F79EFBC}") = "health-calc-test-xunit", "health-calc-test-xunit\health-calc-test-xunit.csproj", "{D53AC244-AF4D-4CFF-AD63-AE45BDAEE3B7}"
EndProject
Project("{FAE04EC0-301F-11D3-BF4B-00C04F79EFBC}") = "health-calc-console-dotnet", "health-calc-console-dotnet\health-calc-console-dotnet.csproj", "{370DC27A-CCCF-4476-8BC4-C1C5A5FA1EBD}"
EndProject
Global
	GlobalSection(SolutionConfigurationPlatforms) = preSolution
		Debug|Any CPU = Debug|Any CPU
		Release|Any CPU = Release|Any CPU
	EndGlobalSection
	GlobalSection(SolutionProperties) = preSolution
		HideSolutionNode = FALSE
	EndGlobalSection
	GlobalSection(ProjectConfigurationPlatforms) = postSolution
		{94F27B9F-3559-42ED-9F25-2DCEBB45B4BC}.Debug|Any CPU.ActiveCfg = Debug|Any CPU
		{94F27B9F-3559-42ED-9F25-2DCEBB45B4BC}.Debug|Any CPU.Build.0 = Debug|Any CPU
		{94F27B9F-3559-42ED-9F25-2DCEBB45B4BC}.Release|Any CPU.ActiveCfg = Release|Any CPU
		{94F27B9F-3559-42ED-9F25-2DCEBB45B4BC}.Release|Any CPU.Build.0 = Release|Any CPU
		{D53AC244-AF4D-4CFF-AD63-AE45BDAEE3B7}.Debug|Any CPU.ActiveCfg = Debug|Any CPU
		{D53AC244-AF4D-4CFF-AD63-AE45BDAEE3B7}.Debug|Any CPU.Build.0 = Debug|Any CPU
		{D53AC244-AF4D-4CFF-AD63-AE45BDAEE3B7}.Release|Any CPU.ActiveCfg = Release|Any CPU
		{D53AC244-AF4D-4CFF-AD63-AE45BDAEE3B7}.Release|Any CPU.Build.0 = Release|Any CPU
		{370DC27A-CCCF-4476-8BC4-C1C5A5FA1EBD}.Debug|Any CPU.ActiveCfg = Debug|Any CPU
		{370DC27A-CCCF-4476-8BC4-C1C5A5FA1EBD}.Debug|Any CPU.Build.0 = Debug|Any CPU
		{370DC27A-CCCF-4476-8BC4-C1C5A5FA1EBD}.Release|Any CPU.ActiveCfg = Release|Any CPU
		{370DC27A-CCCF-4476-8BC4-C1C5A5FA1EBD}.Release|Any CPU.Build.0 = Release|Any CPU
	EndGlobalSection
EndGlobal
